
Microsoft Visual Studio Solution File, Format Version 12.00
# Visual Studio 15
VisualStudioVersion = 15.0.28307.329
MinimumVisualStudioVersion = 10.0.40219.1
Project("{FAE04EC0-301F-11D3-BF4B-00C04F79EFBC}") = "App", "App\App.csproj", "{734B1584-4A75-491A-B5C8-FFEC01B69C0A}"
EndProject
Project("{FAE04EC0-301F-11D3-BF4B-00C04F79EFBC}") = "AppTests", "AppTests\AppTests.csproj", "{2446ED1C-5C37-4322-A470-538B1DFC4ADD}"
EndProject
Global
	GlobalSection(SolutionConfigurationPlatforms) = preSolution
		Debug|Any CPU = Debug|Any CPU
		Release|Any CPU = Release|Any CPU
	EndGlobalSection
	GlobalSection(ProjectConfigurationPlatforms) = postSolution
		{734B1584-4A75-491A-B5C8-FFEC01B69C0A}.Debug|Any CPU.ActiveCfg = Debug|Any CPU
		{734B1584-4A75-491A-B5C8-FFEC01B69C0A}.Debug|Any CPU.Build.0 = Debug|Any CPU
		{734B1584-4A75-491A-B5C8-FFEC01B69C0A}.Release|Any CPU.ActiveCfg = Release|Any CPU
		{734B1584-4A75-491A-B5C8-FFEC01B69C0A}.Release|Any CPU.Build.0 = Release|Any CPU
		{2446ED1C-5C37-4322-A470-538B1DFC4ADD}.Debug|Any CPU.ActiveCfg = Debug|Any CPU
		{2446ED1C-5C37-4322-A470-538B1DFC4ADD}.Debug|Any CPU.Build.0 = Debug|Any CPU
		{2446ED1C-5C37-4322-A470-538B1DFC4ADD}.Release|Any CPU.ActiveCfg = Release|Any CPU
		{2446ED1C-5C37-4322-A470-538B1DFC4ADD}.Release|Any CPU.Build.0 = Release|Any CPU
	EndGlobalSection
	GlobalSection(SolutionProperties) = preSolution
		HideSolutionNode = FALSE
	EndGlobalSection
	GlobalSection(ExtensibilityGlobals) = postSolution
		SolutionGuid = {841E718D-D8CE-4E67-883C-355E9957BD9A}
	EndGlobalSection
EndGlobal
